// !$*UTF8*$!
{
	archiveVersion = 1;
	classes = {
	};
	objectVersion = 46;
	objects = {

/* Begin PBXBuildFile section */
		00E1F0258A68961EA8B7FD8E /* Pods_SeatingChartIOS.framework in Frameworks */ = {isa = PBXBuildFile; fileRef = 8B9BD35A48B7A1E5A02A6073 /* Pods_SeatingChartIOS.framework */; };
		3303710B1D89A33500C571B8 /* GroupSubview.swift in Sources */ = {isa = PBXBuildFile; fileRef = 3303710A1D89A33500C571B8 /* GroupSubview.swift */; };
		3303710D1D89A84900C571B8 /* RectangleView.swift in Sources */ = {isa = PBXBuildFile; fileRef = 3303710C1D89A84900C571B8 /* RectangleView.swift */; };
		330DDAE91D885221006B7570 /* GroupView.swift in Sources */ = {isa = PBXBuildFile; fileRef = 330DDAE81D885221006B7570 /* GroupView.swift */; };
		332892C81D81BBA8007E10F5 /* AppDelegate.swift in Sources */ = {isa = PBXBuildFile; fileRef = 332892C71D81BBA8007E10F5 /* AppDelegate.swift */; };
		332892CA1D81BBA8007E10F5 /* ViewController.swift in Sources */ = {isa = PBXBuildFile; fileRef = 332892C91D81BBA8007E10F5 /* ViewController.swift */; };
		332892CD1D81BBA8007E10F5 /* Main.storyboard in Resources */ = {isa = PBXBuildFile; fileRef = 332892CB1D81BBA8007E10F5 /* Main.storyboard */; };
		332892CF1D81BBA8007E10F5 /* Assets.xcassets in Resources */ = {isa = PBXBuildFile; fileRef = 332892CE1D81BBA8007E10F5 /* Assets.xcassets */; };
		332892D21D81BBA8007E10F5 /* LaunchScreen.storyboard in Resources */ = {isa = PBXBuildFile; fileRef = 332892D01D81BBA8007E10F5 /* LaunchScreen.storyboard */; };
		332892DD1D81BBA8007E10F5 /* SeatingChartIOSTests.swift in Sources */ = {isa = PBXBuildFile; fileRef = 332892DC1D81BBA8007E10F5 /* SeatingChartIOSTests.swift */; };
		332892E81D81BBA8007E10F5 /* SeatingChartIOSUITests.swift in Sources */ = {isa = PBXBuildFile; fileRef = 332892E71D81BBA8007E10F5 /* SeatingChartIOSUITests.swift */; };
		332892F61D81BC31007E10F5 /* StudentView.swift in Sources */ = {isa = PBXBuildFile; fileRef = 332892F51D81BC31007E10F5 /* StudentView.swift */; };
		332892F81D81BD17007E10F5 /* Student.swift in Sources */ = {isa = PBXBuildFile; fileRef = 332892F71D81BD17007E10F5 /* Student.swift */; };
		334F25B51D99792C001C296D /* CurveView.swift in Sources */ = {isa = PBXBuildFile; fileRef = 334F25B41D99792C001C296D /* CurveView.swift */; };
		33752C641D870719003A1D76 /* UtilityFunctions.swift in Sources */ = {isa = PBXBuildFile; fileRef = 33752C631D870719003A1D76 /* UtilityFunctions.swift */; };
		3390FE8D1E390E0F00FE6215 /* SheetsAPI.swift in Sources */ = {isa = PBXBuildFile; fileRef = 3390FE8C1E390E0F00FE6215 /* SheetsAPI.swift */; };
		33BD5F6D1E3BAE300043D1C6 /* MainMenuController.swift in Sources */ = {isa = PBXBuildFile; fileRef = 33BD5F6C1E3BAE300043D1C6 /* MainMenuController.swift */; };
/* End PBXBuildFile section */

/* Begin PBXContainerItemProxy section */
		332892D91D81BBA8007E10F5 /* PBXContainerItemProxy */ = {
			isa = PBXContainerItemProxy;
			containerPortal = 332892BC1D81BBA8007E10F5 /* Project object */;
			proxyType = 1;
			remoteGlobalIDString = 332892C31D81BBA8007E10F5;
			remoteInfo = SeatingChartIOS;
		};
		332892E41D81BBA8007E10F5 /* PBXContainerItemProxy */ = {
			isa = PBXContainerItemProxy;
			containerPortal = 332892BC1D81BBA8007E10F5 /* Project object */;
			proxyType = 1;
			remoteGlobalIDString = 332892C31D81BBA8007E10F5;
			remoteInfo = SeatingChartIOS;
		};
/* End PBXContainerItemProxy section */

/* Begin PBXFileReference section */
		3303710A1D89A33500C571B8 /* GroupSubview.swift */ = {isa = PBXFileReference; fileEncoding = 4; lastKnownFileType = sourcecode.swift; path = GroupSubview.swift; sourceTree = "<group>"; };
		3303710C1D89A84900C571B8 /* RectangleView.swift */ = {isa = PBXFileReference; fileEncoding = 4; lastKnownFileType = sourcecode.swift; path = RectangleView.swift; sourceTree = "<group>"; };
		330DDAE81D885221006B7570 /* GroupView.swift */ = {isa = PBXFileReference; fileEncoding = 4; lastKnownFileType = sourcecode.swift; path = GroupView.swift; sourceTree = "<group>"; };
		332892C41D81BBA8007E10F5 /* SeatingChartIOS.app */ = {isa = PBXFileReference; explicitFileType = wrapper.application; includeInIndex = 0; path = SeatingChartIOS.app; sourceTree = BUILT_PRODUCTS_DIR; };
		332892C71D81BBA8007E10F5 /* AppDelegate.swift */ = {isa = PBXFileReference; lastKnownFileType = sourcecode.swift; path = AppDelegate.swift; sourceTree = "<group>"; };
		332892C91D81BBA8007E10F5 /* ViewController.swift */ = {isa = PBXFileReference; lastKnownFileType = sourcecode.swift; path = ViewController.swift; sourceTree = "<group>"; };
		332892CC1D81BBA8007E10F5 /* Base */ = {isa = PBXFileReference; lastKnownFileType = file.storyboard; name = Base; path = Base.lproj/Main.storyboard; sourceTree = "<group>"; };
		332892CE1D81BBA8007E10F5 /* Assets.xcassets */ = {isa = PBXFileReference; lastKnownFileType = folder.assetcatalog; path = Assets.xcassets; sourceTree = "<group>"; };
		332892D11D81BBA8007E10F5 /* Base */ = {isa = PBXFileReference; lastKnownFileType = file.storyboard; name = Base; path = Base.lproj/LaunchScreen.storyboard; sourceTree = "<group>"; };
		332892D31D81BBA8007E10F5 /* Info.plist */ = {isa = PBXFileReference; lastKnownFileType = text.plist.xml; path = Info.plist; sourceTree = "<group>"; };
		332892D81D81BBA8007E10F5 /* SeatingChartIOSTests.xctest */ = {isa = PBXFileReference; explicitFileType = wrapper.cfbundle; includeInIndex = 0; path = SeatingChartIOSTests.xctest; sourceTree = BUILT_PRODUCTS_DIR; };
		332892DC1D81BBA8007E10F5 /* SeatingChartIOSTests.swift */ = {isa = PBXFileReference; lastKnownFileType = sourcecode.swift; path = SeatingChartIOSTests.swift; sourceTree = "<group>"; };
		332892DE1D81BBA8007E10F5 /* Info.plist */ = {isa = PBXFileReference; lastKnownFileType = text.plist.xml; path = Info.plist; sourceTree = "<group>"; };
		332892E31D81BBA8007E10F5 /* SeatingChartIOSUITests.xctest */ = {isa = PBXFileReference; explicitFileType = wrapper.cfbundle; includeInIndex = 0; path = SeatingChartIOSUITests.xctest; sourceTree = BUILT_PRODUCTS_DIR; };
		332892E71D81BBA8007E10F5 /* SeatingChartIOSUITests.swift */ = {isa = PBXFileReference; lastKnownFileType = sourcecode.swift; path = SeatingChartIOSUITests.swift; sourceTree = "<group>"; };
		332892E91D81BBA8007E10F5 /* Info.plist */ = {isa = PBXFileReference; lastKnownFileType = text.plist.xml; path = Info.plist; sourceTree = "<group>"; };
		332892F51D81BC31007E10F5 /* StudentView.swift */ = {isa = PBXFileReference; fileEncoding = 4; lastKnownFileType = sourcecode.swift; path = StudentView.swift; sourceTree = "<group>"; };
		332892F71D81BD17007E10F5 /* Student.swift */ = {isa = PBXFileReference; fileEncoding = 4; lastKnownFileType = sourcecode.swift; path = Student.swift; sourceTree = "<group>"; };
		334F25B41D99792C001C296D /* CurveView.swift */ = {isa = PBXFileReference; fileEncoding = 4; lastKnownFileType = sourcecode.swift; path = CurveView.swift; sourceTree = "<group>"; };
		33752C631D870719003A1D76 /* UtilityFunctions.swift */ = {isa = PBXFileReference; fileEncoding = 4; lastKnownFileType = sourcecode.swift; path = UtilityFunctions.swift; sourceTree = "<group>"; };
		3390FE8C1E390E0F00FE6215 /* SheetsAPI.swift */ = {isa = PBXFileReference; fileEncoding = 4; lastKnownFileType = sourcecode.swift; path = SheetsAPI.swift; sourceTree = "<group>"; };
		33BD5F6C1E3BAE300043D1C6 /* MainMenuController.swift */ = {isa = PBXFileReference; fileEncoding = 4; lastKnownFileType = sourcecode.swift; path = MainMenuController.swift; sourceTree = "<group>"; };
		5FC0CE9B4691FFEA28F059A5 /* Pods-SeatingChartIOS.debug.xcconfig */ = {isa = PBXFileReference; includeInIndex = 1; lastKnownFileType = text.xcconfig; name = "Pods-SeatingChartIOS.debug.xcconfig"; path = "../Pods/Target Support Files/Pods-SeatingChartIOS/Pods-SeatingChartIOS.debug.xcconfig"; sourceTree = "<group>"; };
		8B9BD35A48B7A1E5A02A6073 /* Pods_SeatingChartIOS.framework */ = {isa = PBXFileReference; explicitFileType = wrapper.framework; includeInIndex = 0; path = Pods_SeatingChartIOS.framework; sourceTree = BUILT_PRODUCTS_DIR; };
		958C5E13EEEB9FD635A258CE /* Pods-SeatingChartIOS.release.xcconfig */ = {isa = PBXFileReference; includeInIndex = 1; lastKnownFileType = text.xcconfig; name = "Pods-SeatingChartIOS.release.xcconfig"; path = "Pods/Target Support Files/Pods-SeatingChartIOS/Pods-SeatingChartIOS.release.xcconfig"; sourceTree = "<group>"; };
		9D4A1FFC8E16CC09FC6374D0 /* Pods-SeatingChartIOS.release.xcconfig */ = {isa = PBXFileReference; includeInIndex = 1; lastKnownFileType = text.xcconfig; name = "Pods-SeatingChartIOS.release.xcconfig"; path = "../Pods/Target Support Files/Pods-SeatingChartIOS/Pods-SeatingChartIOS.release.xcconfig"; sourceTree = "<group>"; };
		A1FB177208E9FABCCBDEA989 /* Pods-SeatingChartIOS.debug.xcconfig */ = {isa = PBXFileReference; includeInIndex = 1; lastKnownFileType = text.xcconfig; name = "Pods-SeatingChartIOS.debug.xcconfig"; path = "Pods/Target Support Files/Pods-SeatingChartIOS/Pods-SeatingChartIOS.debug.xcconfig"; sourceTree = "<group>"; };
/* End PBXFileReference section */

/* Begin PBXFrameworksBuildPhase section */
		332892C11D81BBA8007E10F5 /* Frameworks */ = {
			isa = PBXFrameworksBuildPhase;
			buildActionMask = 2147483647;
			files = (
				00E1F0258A68961EA8B7FD8E /* Pods_SeatingChartIOS.framework in Frameworks */,
			);
			runOnlyForDeploymentPostprocessing = 0;
		};
		332892D51D81BBA8007E10F5 /* Frameworks */ = {
			isa = PBXFrameworksBuildPhase;
			buildActionMask = 2147483647;
			files = (
			);
			runOnlyForDeploymentPostprocessing = 0;
		};
		332892E01D81BBA8007E10F5 /* Frameworks */ = {
			isa = PBXFrameworksBuildPhase;
			buildActionMask = 2147483647;
			files = (
			);
			runOnlyForDeploymentPostprocessing = 0;
		};
/* End PBXFrameworksBuildPhase section */

/* Begin PBXGroup section */
		332892BB1D81BBA8007E10F5 = {
			isa = PBXGroup;
			children = (
				332892C61D81BBA8007E10F5 /* SeatingChartIOS */,
				332892DB1D81BBA8007E10F5 /* SeatingChartIOSTests */,
				332892E61D81BBA8007E10F5 /* SeatingChartIOSUITests */,
				332892C51D81BBA8007E10F5 /* Products */,
				4F17B4D90FD91E72E016FFFF /* Pods */,
				995DCD03506377177C1E889B /* Frameworks */,
			);
			sourceTree = "<group>";
		};
		332892C51D81BBA8007E10F5 /* Products */ = {
			isa = PBXGroup;
			children = (
				332892C41D81BBA8007E10F5 /* SeatingChartIOS.app */,
				332892D81D81BBA8007E10F5 /* SeatingChartIOSTests.xctest */,
				332892E31D81BBA8007E10F5 /* SeatingChartIOSUITests.xctest */,
			);
			name = Products;
			sourceTree = "<group>";
		};
		332892C61D81BBA8007E10F5 /* SeatingChartIOS */ = {
			isa = PBXGroup;
			children = (
				332892C71D81BBA8007E10F5 /* AppDelegate.swift */,
				332892C91D81BBA8007E10F5 /* ViewController.swift */,
				33BD5F6C1E3BAE300043D1C6 /* MainMenuController.swift */,
				332892CB1D81BBA8007E10F5 /* Main.storyboard */,
				332892CE1D81BBA8007E10F5 /* Assets.xcassets */,
				332892D01D81BBA8007E10F5 /* LaunchScreen.storyboard */,
				332892D31D81BBA8007E10F5 /* Info.plist */,
				332892F51D81BC31007E10F5 /* StudentView.swift */,
				33752C631D870719003A1D76 /* UtilityFunctions.swift */,
				330DDAE81D885221006B7570 /* GroupView.swift */,
				3303710A1D89A33500C571B8 /* GroupSubview.swift */,
				332892F71D81BD17007E10F5 /* Student.swift */,
				3303710C1D89A84900C571B8 /* RectangleView.swift */,
				334F25B41D99792C001C296D /* CurveView.swift */,
				3390FE8C1E390E0F00FE6215 /* SheetsAPI.swift */,
			);
			path = SeatingChartIOS;
			sourceTree = "<group>";
		};
		332892DB1D81BBA8007E10F5 /* SeatingChartIOSTests */ = {
			isa = PBXGroup;
			children = (
				332892DC1D81BBA8007E10F5 /* SeatingChartIOSTests.swift */,
				332892DE1D81BBA8007E10F5 /* Info.plist */,
			);
			path = SeatingChartIOSTests;
			sourceTree = "<group>";
		};
		332892E61D81BBA8007E10F5 /* SeatingChartIOSUITests */ = {
			isa = PBXGroup;
			children = (
				332892E71D81BBA8007E10F5 /* SeatingChartIOSUITests.swift */,
				332892E91D81BBA8007E10F5 /* Info.plist */,
			);
			path = SeatingChartIOSUITests;
			sourceTree = "<group>";
		};
		4F17B4D90FD91E72E016FFFF /* Pods */ = {
			isa = PBXGroup;
			children = (
				A1FB177208E9FABCCBDEA989 /* Pods-SeatingChartIOS.debug.xcconfig */,
				958C5E13EEEB9FD635A258CE /* Pods-SeatingChartIOS.release.xcconfig */,
				5FC0CE9B4691FFEA28F059A5 /* Pods-SeatingChartIOS.debug.xcconfig */,
				9D4A1FFC8E16CC09FC6374D0 /* Pods-SeatingChartIOS.release.xcconfig */,
			);
			name = Pods;
			sourceTree = "<group>";
		};
		995DCD03506377177C1E889B /* Frameworks */ = {
			isa = PBXGroup;
			children = (
				8B9BD35A48B7A1E5A02A6073 /* Pods_SeatingChartIOS.framework */,
			);
			name = Frameworks;
			sourceTree = "<group>";
		};
/* End PBXGroup section */

/* Begin PBXNativeTarget section */
		332892C31D81BBA8007E10F5 /* SeatingChartIOS */ = {
			isa = PBXNativeTarget;
			buildConfigurationList = 332892EC1D81BBA8007E10F5 /* Build configuration list for PBXNativeTarget "SeatingChartIOS" */;
			buildPhases = (
				EDC54BEC7C13986239E69759 /* [CP] Check Pods Manifest.lock */,
				332892C01D81BBA8007E10F5 /* Sources */,
				332892C11D81BBA8007E10F5 /* Frameworks */,
				332892C21D81BBA8007E10F5 /* Resources */,
				DD259EA7CCA5CC9685C1ADCA /* [CP] Embed Pods Frameworks */,
				E04FC7E1A9C5D02EB9934555 /* [CP] Copy Pods Resources */,
			);
			buildRules = (
			);
			dependencies = (
			);
			name = SeatingChartIOS;
			productName = SeatingChartIOS;
			productReference = 332892C41D81BBA8007E10F5 /* SeatingChartIOS.app */;
			productType = "com.apple.product-type.application";
		};
		332892D71D81BBA8007E10F5 /* SeatingChartIOSTests */ = {
			isa = PBXNativeTarget;
			buildConfigurationList = 332892EF1D81BBA8007E10F5 /* Build configuration list for PBXNativeTarget "SeatingChartIOSTests" */;
			buildPhases = (
				332892D41D81BBA8007E10F5 /* Sources */,
				332892D51D81BBA8007E10F5 /* Frameworks */,
				332892D61D81BBA8007E10F5 /* Resources */,
			);
			buildRules = (
			);
			dependencies = (
				332892DA1D81BBA8007E10F5 /* PBXTargetDependency */,
			);
			name = SeatingChartIOSTests;
			productName = SeatingChartIOSTests;
			productReference = 332892D81D81BBA8007E10F5 /* SeatingChartIOSTests.xctest */;
			productType = "com.apple.product-type.bundle.unit-test";
		};
		332892E21D81BBA8007E10F5 /* SeatingChartIOSUITests */ = {
			isa = PBXNativeTarget;
			buildConfigurationList = 332892F21D81BBA8007E10F5 /* Build configuration list for PBXNativeTarget "SeatingChartIOSUITests" */;
			buildPhases = (
				332892DF1D81BBA8007E10F5 /* Sources */,
				332892E01D81BBA8007E10F5 /* Frameworks */,
				332892E11D81BBA8007E10F5 /* Resources */,
			);
			buildRules = (
			);
			dependencies = (
				332892E51D81BBA8007E10F5 /* PBXTargetDependency */,
			);
			name = SeatingChartIOSUITests;
			productName = SeatingChartIOSUITests;
			productReference = 332892E31D81BBA8007E10F5 /* SeatingChartIOSUITests.xctest */;
			productType = "com.apple.product-type.bundle.ui-testing";
		};
/* End PBXNativeTarget section */

/* Begin PBXProject section */
		332892BC1D81BBA8007E10F5 /* Project object */ = {
			isa = PBXProject;
			attributes = {
				LastSwiftUpdateCheck = 0730;
				LastUpgradeCheck = 0810;
				ORGANIZATIONNAME = "DEAN, JOSHUA";
				TargetAttributes = {
					332892C31D81BBA8007E10F5 = {
						CreatedOnToolsVersion = 7.3.1;
						LastSwiftMigration = 0800;
					};
					332892D71D81BBA8007E10F5 = {
						CreatedOnToolsVersion = 7.3.1;
						LastSwiftMigration = 0800;
						TestTargetID = 332892C31D81BBA8007E10F5;
					};
					332892E21D81BBA8007E10F5 = {
						CreatedOnToolsVersion = 7.3.1;
						LastSwiftMigration = 0800;
						TestTargetID = 332892C31D81BBA8007E10F5;
					};
				};
			};
			buildConfigurationList = 332892BF1D81BBA8007E10F5 /* Build configuration list for PBXProject "SeatingChartIOS" */;
			compatibilityVersion = "Xcode 3.2";
			developmentRegion = English;
			hasScannedForEncodings = 0;
			knownRegions = (
				en,
				Base,
			);
			mainGroup = 332892BB1D81BBA8007E10F5;
			productRefGroup = 332892C51D81BBA8007E10F5 /* Products */;
			projectDirPath = "";
			projectRoot = "";
			targets = (
				332892C31D81BBA8007E10F5 /* SeatingChartIOS */,
				332892D71D81BBA8007E10F5 /* SeatingChartIOSTests */,
				332892E21D81BBA8007E10F5 /* SeatingChartIOSUITests */,
			);
		};
/* End PBXProject section */

/* Begin PBXResourcesBuildPhase section */
		332892C21D81BBA8007E10F5 /* Resources */ = {
			isa = PBXResourcesBuildPhase;
			buildActionMask = 2147483647;
			files = (
				332892D21D81BBA8007E10F5 /* LaunchScreen.storyboard in Resources */,
				332892CF1D81BBA8007E10F5 /* Assets.xcassets in Resources */,
				332892CD1D81BBA8007E10F5 /* Main.storyboard in Resources */,
			);
			runOnlyForDeploymentPostprocessing = 0;
		};
		332892D61D81BBA8007E10F5 /* Resources */ = {
			isa = PBXResourcesBuildPhase;
			buildActionMask = 2147483647;
			files = (
			);
			runOnlyForDeploymentPostprocessing = 0;
		};
		332892E11D81BBA8007E10F5 /* Resources */ = {
			isa = PBXResourcesBuildPhase;
			buildActionMask = 2147483647;
			files = (
			);
			runOnlyForDeploymentPostprocessing = 0;
		};
/* End PBXResourcesBuildPhase section */

/* Begin PBXShellScriptBuildPhase section */
		DD259EA7CCA5CC9685C1ADCA /* [CP] Embed Pods Frameworks */ = {
			isa = PBXShellScriptBuildPhase;
			buildActionMask = 2147483647;
			files = (
			);
			inputPaths = (
			);
			name = "[CP] Embed Pods Frameworks";
			outputPaths = (
			);
			runOnlyForDeploymentPostprocessing = 0;
			shellPath = /bin/sh;
			shellScript = "\"${SRCROOT}/../Pods/Target Support Files/Pods-SeatingChartIOS/Pods-SeatingChartIOS-frameworks.sh\"\n";
			showEnvVarsInLog = 0;
		};
		E04FC7E1A9C5D02EB9934555 /* [CP] Copy Pods Resources */ = {
			isa = PBXShellScriptBuildPhase;
			buildActionMask = 2147483647;
			files = (
			);
			inputPaths = (
			);
			name = "[CP] Copy Pods Resources";
			outputPaths = (
			);
			runOnlyForDeploymentPostprocessing = 0;
			shellPath = /bin/sh;
			shellScript = "\"${SRCROOT}/../Pods/Target Support Files/Pods-SeatingChartIOS/Pods-SeatingChartIOS-resources.sh\"\n";
			showEnvVarsInLog = 0;
		};
		EDC54BEC7C13986239E69759 /* [CP] Check Pods Manifest.lock */ = {
			isa = PBXShellScriptBuildPhase;
			buildActionMask = 2147483647;
			files = (
			);
			inputPaths = (
			);
			name = "[CP] Check Pods Manifest.lock";
			outputPaths = (
			);
			runOnlyForDeploymentPostprocessing = 0;
			shellPath = /bin/sh;
			shellScript = "diff \"${PODS_ROOT}/../Podfile.lock\" \"${PODS_ROOT}/Manifest.lock\" > /dev/null\nif [ $? != 0 ] ; then\n    # print error to STDERR\n    echo \"error: The sandbox is not in sync with the Podfile.lock. Run 'pod install' or update your CocoaPods installation.\" >&2\n    exit 1\nfi\n";
			showEnvVarsInLog = 0;
		};
/* End PBXShellScriptBuildPhase section */

/* Begin PBXSourcesBuildPhase section */
		332892C01D81BBA8007E10F5 /* Sources */ = {
			isa = PBXSourcesBuildPhase;
			buildActionMask = 2147483647;
			files = (
				334F25B51D99792C001C296D /* CurveView.swift in Sources */,
				332892CA1D81BBA8007E10F5 /* ViewController.swift in Sources */,
				332892F61D81BC31007E10F5 /* StudentView.swift in Sources */,
				330DDAE91D885221006B7570 /* GroupView.swift in Sources */,
				332892C81D81BBA8007E10F5 /* AppDelegate.swift in Sources */,
				33752C641D870719003A1D76 /* UtilityFunctions.swift in Sources */,
				332892F81D81BD17007E10F5 /* Student.swift in Sources */,
				3303710D1D89A84900C571B8 /* RectangleView.swift in Sources */,
				33BD5F6D1E3BAE300043D1C6 /* MainMenuController.swift in Sources */,
				3390FE8D1E390E0F00FE6215 /* SheetsAPI.swift in Sources */,
				3303710B1D89A33500C571B8 /* GroupSubview.swift in Sources */,
			);
			runOnlyForDeploymentPostprocessing = 0;
		};
		332892D41D81BBA8007E10F5 /* Sources */ = {
			isa = PBXSourcesBuildPhase;
			buildActionMask = 2147483647;
			files = (
				332892DD1D81BBA8007E10F5 /* SeatingChartIOSTests.swift in Sources */,
			);
			runOnlyForDeploymentPostprocessing = 0;
		};
		332892DF1D81BBA8007E10F5 /* Sources */ = {
			isa = PBXSourcesBuildPhase;
			buildActionMask = 2147483647;
			files = (
				332892E81D81BBA8007E10F5 /* SeatingChartIOSUITests.swift in Sources */,
			);
			runOnlyForDeploymentPostprocessing = 0;
		};
/* End PBXSourcesBuildPhase section */

/* Begin PBXTargetDependency section */
		332892DA1D81BBA8007E10F5 /* PBXTargetDependency */ = {
			isa = PBXTargetDependency;
			target = 332892C31D81BBA8007E10F5 /* SeatingChartIOS */;
			targetProxy = 332892D91D81BBA8007E10F5 /* PBXContainerItemProxy */;
		};
		332892E51D81BBA8007E10F5 /* PBXTargetDependency */ = {
			isa = PBXTargetDependency;
			target = 332892C31D81BBA8007E10F5 /* SeatingChartIOS */;
			targetProxy = 332892E41D81BBA8007E10F5 /* PBXContainerItemProxy */;
		};
/* End PBXTargetDependency section */

/* Begin PBXVariantGroup section */
		332892CB1D81BBA8007E10F5 /* Main.storyboard */ = {
			isa = PBXVariantGroup;
			children = (
				332892CC1D81BBA8007E10F5 /* Base */,
			);
			name = Main.storyboard;
			sourceTree = "<group>";
		};
		332892D01D81BBA8007E10F5 /* LaunchScreen.storyboard */ = {
			isa = PBXVariantGroup;
			children = (
				332892D11D81BBA8007E10F5 /* Base */,
			);
			name = LaunchScreen.storyboard;
			sourceTree = "<group>";
		};
/* End PBXVariantGroup section */

/* Begin XCBuildConfiguration section */
		332892EA1D81BBA8007E10F5 /* Debug */ = {
			isa = XCBuildConfiguration;
			buildSettings = {
				ALWAYS_SEARCH_USER_PATHS = NO;
				CLANG_ANALYZER_NONNULL = YES;
				CLANG_CXX_LANGUAGE_STANDARD = "gnu++0x";
				CLANG_CXX_LIBRARY = "libc++";
				CLANG_ENABLE_MODULES = YES;
				CLANG_ENABLE_OBJC_ARC = YES;
				CLANG_WARN_BOOL_CONVERSION = YES;
				CLANG_WARN_CONSTANT_CONVERSION = YES;
				CLANG_WARN_DIRECT_OBJC_ISA_USAGE = YES_ERROR;
				CLANG_WARN_EMPTY_BODY = YES;
				CLANG_WARN_ENUM_CONVERSION = YES;
				CLANG_WARN_INFINITE_RECURSION = YES;
				CLANG_WARN_INT_CONVERSION = YES;
				CLANG_WARN_OBJC_ROOT_CLASS = YES_ERROR;
				CLANG_WARN_SUSPICIOUS_MOVE = YES;
				CLANG_WARN_UNREACHABLE_CODE = YES;
				CLANG_WARN__DUPLICATE_METHOD_MATCH = YES;
				"CODE_SIGN_IDENTITY[sdk=iphoneos*]" = "iPhone Developer";
				COPY_PHASE_STRIP = NO;
				DEBUG_INFORMATION_FORMAT = dwarf;
				ENABLE_STRICT_OBJC_MSGSEND = YES;
				ENABLE_TESTABILITY = YES;
				GCC_C_LANGUAGE_STANDARD = gnu99;
				GCC_DYNAMIC_NO_PIC = NO;
				GCC_NO_COMMON_BLOCKS = YES;
				GCC_OPTIMIZATION_LEVEL = 0;
				GCC_PREPROCESSOR_DEFINITIONS = (
					"DEBUG=1",
					"$(inherited)",
				);
				GCC_WARN_64_TO_32_BIT_CONVERSION = YES;
				GCC_WARN_ABOUT_RETURN_TYPE = YES_ERROR;
				GCC_WARN_UNDECLARED_SELECTOR = YES;
				GCC_WARN_UNINITIALIZED_AUTOS = YES_AGGRESSIVE;
				GCC_WARN_UNUSED_FUNCTION = YES;
				GCC_WARN_UNUSED_VARIABLE = YES;
				IPHONEOS_DEPLOYMENT_TARGET = 9.3;
				MTL_ENABLE_DEBUG_INFO = YES;
				ONLY_ACTIVE_ARCH = YES;
				SDKROOT = iphoneos;
				SWIFT_OPTIMIZATION_LEVEL = "-Onone";
				SWIFT_VERSION = "";
				TARGETED_DEVICE_FAMILY = "1,2";
			};
			name = Debug;
		};
		332892EB1D81BBA8007E10F5 /* Release */ = {
			isa = XCBuildConfiguration;
			buildSettings = {
				ALWAYS_SEARCH_USER_PATHS = NO;
				CLANG_ANALYZER_NONNULL = YES;
				CLANG_CXX_LANGUAGE_STANDARD = "gnu++0x";
				CLANG_CXX_LIBRARY = "libc++";
				CLANG_ENABLE_MODULES = YES;
				CLANG_ENABLE_OBJC_ARC = YES;
				CLANG_WARN_BOOL_CONVERSION = YES;
				CLANG_WARN_CONSTANT_CONVERSION = YES;
				CLANG_WARN_DIRECT_OBJC_ISA_USAGE = YES_ERROR;
				CLANG_WARN_EMPTY_BODY = YES;
				CLANG_WARN_ENUM_CONVERSION = YES;
				CLANG_WARN_INFINITE_RECURSION = YES;
				CLANG_WARN_INT_CONVERSION = YES;
				CLANG_WARN_OBJC_ROOT_CLASS = YES_ERROR;
				CLANG_WARN_SUSPICIOUS_MOVE = YES;
				CLANG_WARN_UNREACHABLE_CODE = YES;
				CLANG_WARN__DUPLICATE_METHOD_MATCH = YES;
				"CODE_SIGN_IDENTITY[sdk=iphoneos*]" = "iPhone Developer";
				COPY_PHASE_STRIP = NO;
				DEBUG_INFORMATION_FORMAT = "dwarf-with-dsym";
				ENABLE_NS_ASSERTIONS = NO;
				ENABLE_STRICT_OBJC_MSGSEND = YES;
				GCC_C_LANGUAGE_STANDARD = gnu99;
				GCC_NO_COMMON_BLOCKS = YES;
				GCC_WARN_64_TO_32_BIT_CONVERSION = YES;
				GCC_WARN_ABOUT_RETURN_TYPE = YES_ERROR;
				GCC_WARN_UNDECLARED_SELECTOR = YES;
				GCC_WARN_UNINITIALIZED_AUTOS = YES_AGGRESSIVE;
				GCC_WARN_UNUSED_FUNCTION = YES;
				GCC_WARN_UNUSED_VARIABLE = YES;
				IPHONEOS_DEPLOYMENT_TARGET = 9.3;
				MTL_ENABLE_DEBUG_INFO = NO;
				SDKROOT = iphoneos;
				SWIFT_OPTIMIZATION_LEVEL = "-Owholemodule";
				SWIFT_VERSION = "";
				TARGETED_DEVICE_FAMILY = "1,2";
				VALIDATE_PRODUCT = YES;
			};
			name = Release;
		};
		332892ED1D81BBA8007E10F5 /* Debug */ = {
			isa = XCBuildConfiguration;
			baseConfigurationReference = 5FC0CE9B4691FFEA28F059A5 /* Pods-SeatingChartIOS.debug.xcconfig */;
			buildSettings = {
				ASSETCATALOG_COMPILER_APPICON_NAME = AppIcon;
				INFOPLIST_FILE = SeatingChartIOS/Info.plist;
				IPHONEOS_DEPLOYMENT_TARGET = 10.0;
				LD_RUNPATH_SEARCH_PATHS = "$(inherited) @executable_path/Frameworks";
				PRODUCT_BUNDLE_IDENTIFIER = com.potatoesalad.SeatingChartIOS;
				PRODUCT_NAME = "$(TARGET_NAME)";
				SWIFT_VERSION = 3.0;
			};
			name = Debug;
		};
		332892EE1D81BBA8007E10F5 /* Release */ = {
			isa = XCBuildConfiguration;
			baseConfigurationReference = 9D4A1FFC8E16CC09FC6374D0 /* Pods-SeatingChartIOS.release.xcconfig */;
			buildSettings = {
				ASSETCATALOG_COMPILER_APPICON_NAME = AppIcon;
				INFOPLIST_FILE = SeatingChartIOS/Info.plist;
				IPHONEOS_DEPLOYMENT_TARGET = 10.0;
				LD_RUNPATH_SEARCH_PATHS = "$(inherited) @executable_path/Frameworks";
				PRODUCT_BUNDLE_IDENTIFIER = com.potatoesalad.SeatingChartIOS;
				PRODUCT_NAME = "$(TARGET_NAME)";
				SWIFT_VERSION = 3.0;
			};
			name = Release;
		};
		332892F01D81BBA8007E10F5 /* Debug */ = {
			isa = XCBuildConfiguration;
			buildSettings = {
				BUNDLE_LOADER = "$(TEST_HOST)";
				INFOPLIST_FILE = SeatingChartIOSTests/Info.plist;
				LD_RUNPATH_SEARCH_PATHS = "$(inherited) @executable_path/Frameworks @loader_path/Frameworks";
				PRODUCT_BUNDLE_IDENTIFIER = com.potatoesalad.SeatingChartIOSTests;
				PRODUCT_NAME = "$(TARGET_NAME)";
				SWIFT_VERSION = 3.0;
				TEST_HOST = "$(BUILT_PRODUCTS_DIR)/SeatingChartIOS.app/SeatingChartIOS";
			};
			name = Debug;
		};
		332892F11D81BBA8007E10F5 /* Release */ = {
			isa = XCBuildConfiguration;
			buildSettings = {
				BUNDLE_LOADER = "$(TEST_HOST)";
				INFOPLIST_FILE = SeatingChartIOSTests/Info.plist;
				LD_RUNPATH_SEARCH_PATHS = "$(inherited) @executable_path/Frameworks @loader_path/Frameworks";
				PRODUCT_BUNDLE_IDENTIFIER = com.potatoesalad.SeatingChartIOSTests;
				PRODUCT_NAME = "$(TARGET_NAME)";
				SWIFT_VERSION = 3.0;
				TEST_HOST = "$(BUILT_PRODUCTS_DIR)/SeatingChartIOS.app/SeatingChartIOS";
			};
			name = Release;
		};
		332892F31D81BBA8007E10F5 /* Debug */ = {
			isa = XCBuildConfiguration;
			buildSettings = {
				INFOPLIST_FILE = SeatingChartIOSUITests/Info.plist;
				LD_RUNPATH_SEARCH_PATHS = "$(inherited) @executable_path/Frameworks @loader_path/Frameworks";
				PRODUCT_BUNDLE_IDENTIFIER = com.potatoesalad.SeatingChartIOSUITests;
				PRODUCT_NAME = "$(TARGET_NAME)";
				SWIFT_VERSION = 3.0;
				TEST_TARGET_NAME = SeatingChartIOS;
			};
			name = Debug;
		};
		332892F41D81BBA8007E10F5 /* Release */ = {
			isa = XCBuildConfiguration;
			buildSettings = {
				INFOPLIST_FILE = SeatingChartIOSUITests/Info.plist;
				LD_RUNPATH_SEARCH_PATHS = "$(inherited) @executable_path/Frameworks @loader_path/Frameworks";
				PRODUCT_BUNDLE_IDENTIFIER = com.potatoesalad.SeatingChartIOSUITests;
				PRODUCT_NAME = "$(TARGET_NAME)";
				SWIFT_VERSION = 3.0;
				TEST_TARGET_NAME = SeatingChartIOS;
			};
			name = Release;
		};
/* End XCBuildConfiguration section */

/* Begin XCConfigurationList section */
		332892BF1D81BBA8007E10F5 /* Build configuration list for PBXProject "SeatingChartIOS" */ = {
			isa = XCConfigurationList;
			buildConfigurations = (
				332892EA1D81BBA8007E10F5 /* Debug */,
				332892EB1D81BBA8007E10F5 /* Release */,
			);
			defaultConfigurationIsVisible = 0;
			defaultConfigurationName = Release;
		};
		332892EC1D81BBA8007E10F5 /* Build configuration list for PBXNativeTarget "SeatingChartIOS" */ = {
			isa = XCConfigurationList;
			buildConfigurations = (
				332892ED1D81BBA8007E10F5 /* Debug */,
				332892EE1D81BBA8007E10F5 /* Release */,
			);
			defaultConfigurationIsVisible = 0;
			defaultConfigurationName = Release;
		};
		332892EF1D81BBA8007E10F5 /* Build configuration list for PBXNativeTarget "SeatingChartIOSTests" */ = {
			isa = XCConfigurationList;
			buildConfigurations = (
				332892F01D81BBA8007E10F5 /* Debug */,
				332892F11D81BBA8007E10F5 /* Release */,
			);
			defaultConfigurationIsVisible = 0;
			defaultConfigurationName = Release;
		};
		332892F21D81BBA8007E10F5 /* Build configuration list for PBXNativeTarget "SeatingChartIOSUITests" */ = {
			isa = XCConfigurationList;
			buildConfigurations = (
				332892F31D81BBA8007E10F5 /* Debug */,
				332892F41D81BBA8007E10F5 /* Release */,
			);
			defaultConfigurationIsVisible = 0;
			defaultConfigurationName = Release;
		};
/* End XCConfigurationList section */
	};
	rootObject = 332892BC1D81BBA8007E10F5 /* Project object */;
}
